
Microsoft Visual Studio Solution File, Format Version 12.00
# Visual Studio Version 17
VisualStudioVersion = 17.11.35222.181
MinimumVisualStudioVersion = 10.0.40219.1
Project("{FAE04EC0-301F-11D3-BF4B-00C04F79EFBC}") = "EISG.Temperatura", "EISG.Temperatura\EISG.Temperatura.csproj", "{C857B355-39B6-4FB7-B393-6F5037EAA0C9}"
EndProject
Project("{FAE04EC0-301F-11D3-BF4B-00C04F79EFBC}") = "EISG.Temperatura.UnitTestMSTest", "EISG.Temperatura.UnitTestMSTest\EISG.Temperatura.UnitTestMSTest.csproj", "{FC3E3219-C696-4909-99B5-2761A4913084}"
EndProject
Global
	GlobalSection(SolutionConfigurationPlatforms) = preSolution
		Debug|Any CPU = Debug|Any CPU
		Release|Any CPU = Release|Any CPU
	EndGlobalSection
	GlobalSection(ProjectConfigurationPlatforms) = postSolution
		{C857B355-39B6-4FB7-B393-6F5037EAA0C9}.Debug|Any CPU.ActiveCfg = Debug|Any CPU
		{C857B355-39B6-4FB7-B393-6F5037EAA0C9}.Debug|Any CPU.Build.0 = Debug|Any CPU
		{C857B355-39B6-4FB7-B393-6F5037EAA0C9}.Release|Any CPU.ActiveCfg = Release|Any CPU
		{C857B355-39B6-4FB7-B393-6F5037EAA0C9}.Release|Any CPU.Build.0 = Release|Any CPU
		{FC3E3219-C696-4909-99B5-2761A4913084}.Debug|Any CPU.ActiveCfg = Debug|Any CPU
		{FC3E3219-C696-4909-99B5-2761A4913084}.Debug|Any CPU.Build.0 = Debug|Any CPU
		{FC3E3219-C696-4909-99B5-2761A4913084}.Release|Any CPU.ActiveCfg = Release|Any CPU
		{FC3E3219-C696-4909-99B5-2761A4913084}.Release|Any CPU.Build.0 = Release|Any CPU
	EndGlobalSection
	GlobalSection(SolutionProperties) = preSolution
		HideSolutionNode = FALSE
	EndGlobalSection
	GlobalSection(ExtensibilityGlobals) = postSolution
		SolutionGuid = {CFB12BCE-3D17-4DBB-9B29-C427DAAED2C2}
	EndGlobalSection
EndGlobal
